
Microsoft Visual Studio Solution File, Format Version 12.00
# Visual Studio Version 17
VisualStudioVersion = 17.5.33530.505
MinimumVisualStudioVersion = 10.0.40219.1
Project("{9A19103F-16F7-4668-BE54-9A1E7A4F7556}") = "KucukUnluUyumu", "Odev35\KucukUnluUyumu.csproj", "{58EDF0C7-4E9A-4E83-A81A-1519CDE472D6}"
EndProject
Global
	GlobalSection(SolutionConfigurationPlatforms) = preSolution
		Debug|Any CPU = Debug|Any CPU
		Release|Any CPU = Release|Any CPU
	EndGlobalSection
	GlobalSection(ProjectConfigurationPlatforms) = postSolution
		{58EDF0C7-4E9A-4E83-A81A-1519CDE472D6}.Debug|Any CPU.ActiveCfg = Debug|Any CPU
		{58EDF0C7-4E9A-4E83-A81A-1519CDE472D6}.Debug|Any CPU.Build.0 = Debug|Any CPU
		{58EDF0C7-4E9A-4E83-A81A-1519CDE472D6}.Release|Any CPU.ActiveCfg = Release|Any CPU
		{58EDF0C7-4E9A-4E83-A81A-1519CDE472D6}.Release|Any CPU.Build.0 = Release|Any CPU
	EndGlobalSection
	GlobalSection(SolutionProperties) = preSolution
		HideSolutionNode = FALSE
	EndGlobalSection
	GlobalSection(ExtensibilityGlobals) = postSolution
		SolutionGuid = {88BE10EA-4CBF-4F1F-8E38-C609CA6D98DF}
	EndGlobalSection
EndGlobal
